PODS:
  - SwiftFormat/CLI (0.49.2)
  - SwiftLint (0.46.1)

DEPENDENCIES:
  - SwiftFormat/CLI
  - SwiftLint

SPEC REPOS:
  trunk:
    - SwiftFormat
    - SwiftLint

SPEC CHECKSUMS:
  SwiftFormat: dca5803d3e2120aed5614f1653d252e62ac33be1
  SwiftLint: aaa29a9f649316095a9079595cb60906bd899353

PODFILE CHECKSUM: 8c6e35ec5030345ddbc2e07c77b343f28048ddd9

COCOAPODS: 1.11.2
