PODS:
  - SwiftFormat/CLI (0.47.8)
  - SwiftLint (0.42.0)

DEPENDENCIES:
  - SwiftFormat/CLI
  - SwiftLint

SPEC REPOS:
  https://github.com/CocoaPods/Specs.git:
    - SwiftFormat
    - SwiftLint

SPEC CHECKSUMS:
  SwiftFormat: 30c4c1b17a6c0c911760ada94b1bdb40769c95b9
  SwiftLint: 4fa9579c63416865179bc416f0a92d55f009600d

PODFILE CHECKSUM: 481bc3c1b189073c826c1db99d9a87d1ecf75360

COCOAPODS: 1.10.0
